// !$*UTF8*$!
{
	archiveVersion = 1;
	classes = {
	};
	objectVersion = 50;
	objects = {

/* Begin PBXBuildFile section */
		2B448CA327543FD5008A9DD9 /* AppDelegate.swift in Sources */ = {isa = PBXBuildFile; fileRef = 2B448CA227543FD5008A9DD9 /* AppDelegate.swift */; };
		2B448CAC27543FDB008A9DD9 /* Assets.xcassets in Resources */ = {isa = PBXBuildFile; fileRef = 2B448CAB27543FDB008A9DD9 /* Assets.xcassets */; };
		2B448CAF27543FDB008A9DD9 /* LaunchScreen.storyboard in Resources */ = {isa = PBXBuildFile; fileRef = 2B448CAD27543FDB008A9DD9 /* LaunchScreen.storyboard */; };
		2BED959B27554E3C001BED0B /* SearchAPIDataManager.swift in Sources */ = {isa = PBXBuildFile; fileRef = 2BED959A27554E3C001BED0B /* SearchAPIDataManager.swift */; };
		2BED95A027555C4D001BED0B /* URLDataRetriever.swift in Sources */ = {isa = PBXBuildFile; fileRef = 2BED959F27555C4D001BED0B /* URLDataRetriever.swift */; };
		2BED95AC2755623C001BED0B /* ViewDispatcher.swift in Sources */ = {isa = PBXBuildFile; fileRef = 2BED95AB2755623C001BED0B /* ViewDispatcher.swift */; };
		2BED95AF275562E3001BED0B /* SearchAPIDataManagerProtocol.swift in Sources */ = {isa = PBXBuildFile; fileRef = 2BED95AE275562E3001BED0B /* SearchAPIDataManagerProtocol.swift */; };
		2BED95B727557E7B001BED0B /* MovieEntity.swift in Sources */ = {isa = PBXBuildFile; fileRef = 2BED95B627557E7B001BED0B /* MovieEntity.swift */; };
		2BED95BA275589F8001BED0B /* SearchInteractor.swift in Sources */ = {isa = PBXBuildFile; fileRef = 2BED95B9275589F8001BED0B /* SearchInteractor.swift */; };
		2BED95BF27559449001BED0B /* MovieDetailEntity.swift in Sources */ = {isa = PBXBuildFile; fileRef = 2BED95BE27559449001BED0B /* MovieDetailEntity.swift */; };
		2BED95C22756981C001BED0B /* SearchInteractorInputProtocol.swift in Sources */ = {isa = PBXBuildFile; fileRef = 2BED95C12756981C001BED0B /* SearchInteractorInputProtocol.swift */; };
		2BED95C827569E01001BED0B /* SearchInteractorOutputProtocol.swift in Sources */ = {isa = PBXBuildFile; fileRef = 2BED95C727569E01001BED0B /* SearchInteractorOutputProtocol.swift */; };
		2BED95CD2756B473001BED0B /* SearchPresenter.swift in Sources */ = {isa = PBXBuildFile; fileRef = 2BED95CC2756B473001BED0B /* SearchPresenter.swift */; };
		2BED95D02756B4A6001BED0B /* SearchPresenterProtocol.swift in Sources */ = {isa = PBXBuildFile; fileRef = 2BED95CF2756B4A6001BED0B /* SearchPresenterProtocol.swift */; };
		2BED95D32756C7D3001BED0B /* SearchViewProtocol.swift in Sources */ = {isa = PBXBuildFile; fileRef = 2BED95D22756C7D3001BED0B /* SearchViewProtocol.swift */; };
		2BED95D62756C9E9001BED0B /* SearchWireframeProtocol.swift in Sources */ = {isa = PBXBuildFile; fileRef = 2BED95D52756C9E9001BED0B /* SearchWireframeProtocol.swift */; };
		2BED95DA2756D87F001BED0B /* SearchWireframe.swift in Sources */ = {isa = PBXBuildFile; fileRef = 2BED95D92756D87F001BED0B /* SearchWireframe.swift */; };
/* End PBXBuildFile section */

/* Begin PBXFileReference section */
		2B448C9F27543FD5008A9DD9 /* mofi.app */ = {isa = PBXFileReference; explicitFileType = wrapper.application; includeInIndex = 0; path = mofi.app; sourceTree = BUILT_PRODUCTS_DIR; };
		2B448CA227543FD5008A9DD9 /* AppDelegate.swift */ = {isa = PBXFileReference; lastKnownFileType = sourcecode.swift; path = AppDelegate.swift; sourceTree = "<group>"; };
		2B448CAB27543FDB008A9DD9 /* Assets.xcassets */ = {isa = PBXFileReference; lastKnownFileType = folder.assetcatalog; path = Assets.xcassets; sourceTree = "<group>"; };
		2B448CAE27543FDB008A9DD9 /* Base */ = {isa = PBXFileReference; lastKnownFileType = file.storyboard; name = Base; path = Base.lproj/LaunchScreen.storyboard; sourceTree = "<group>"; };
		2B448CB027543FDB008A9DD9 /* Info.plist */ = {isa = PBXFileReference; lastKnownFileType = text.plist.xml; path = Info.plist; sourceTree = "<group>"; };
		2BED959A27554E3C001BED0B /* SearchAPIDataManager.swift */ = {isa = PBXFileReference; lastKnownFileType = sourcecode.swift; path = SearchAPIDataManager.swift; sourceTree = "<group>"; };
		2BED959F27555C4D001BED0B /* URLDataRetriever.swift */ = {isa = PBXFileReference; lastKnownFileType = sourcecode.swift; path = URLDataRetriever.swift; sourceTree = "<group>"; };
		2BED95AB2755623C001BED0B /* ViewDispatcher.swift */ = {isa = PBXFileReference; lastKnownFileType = sourcecode.swift; path = ViewDispatcher.swift; sourceTree = "<group>"; };
		2BED95AE275562E3001BED0B /* SearchAPIDataManagerProtocol.swift */ = {isa = PBXFileReference; lastKnownFileType = sourcecode.swift; path = SearchAPIDataManagerProtocol.swift; sourceTree = "<group>"; };
		2BED95B627557E7B001BED0B /* MovieEntity.swift */ = {isa = PBXFileReference; lastKnownFileType = sourcecode.swift; path = MovieEntity.swift; sourceTree = "<group>"; };
		2BED95B9275589F8001BED0B /* SearchInteractor.swift */ = {isa = PBXFileReference; lastKnownFileType = sourcecode.swift; path = SearchInteractor.swift; sourceTree = "<group>"; };
		2BED95BE27559449001BED0B /* MovieDetailEntity.swift */ = {isa = PBXFileReference; lastKnownFileType = sourcecode.swift; path = MovieDetailEntity.swift; sourceTree = "<group>"; };
		2BED95C12756981C001BED0B /* SearchInteractorInputProtocol.swift */ = {isa = PBXFileReference; lastKnownFileType = sourcecode.swift; path = SearchInteractorInputProtocol.swift; sourceTree = "<group>"; };
		2BED95C727569E01001BED0B /* SearchInteractorOutputProtocol.swift */ = {isa = PBXFileReference; lastKnownFileType = sourcecode.swift; path = SearchInteractorOutputProtocol.swift; sourceTree = "<group>"; };
		2BED95CC2756B473001BED0B /* SearchPresenter.swift */ = {isa = PBXFileReference; lastKnownFileType = sourcecode.swift; path = SearchPresenter.swift; sourceTree = "<group>"; };
		2BED95CF2756B4A6001BED0B /* SearchPresenterProtocol.swift */ = {isa = PBXFileReference; lastKnownFileType = sourcecode.swift; path = SearchPresenterProtocol.swift; sourceTree = "<group>"; };
		2BED95D22756C7D3001BED0B /* SearchViewProtocol.swift */ = {isa = PBXFileReference; lastKnownFileType = sourcecode.swift; path = SearchViewProtocol.swift; sourceTree = "<group>"; };
		2BED95D52756C9E9001BED0B /* SearchWireframeProtocol.swift */ = {isa = PBXFileReference; lastKnownFileType = sourcecode.swift; path = SearchWireframeProtocol.swift; sourceTree = "<group>"; };
		2BED95D92756D87F001BED0B /* SearchWireframe.swift */ = {isa = PBXFileReference; lastKnownFileType = sourcecode.swift; path = SearchWireframe.swift; sourceTree = "<group>"; };
/* End PBXFileReference section */

/* Begin PBXFrameworksBuildPhase section */
		2B448C9C27543FD5008A9DD9 /* Frameworks */ = {
			isa = PBXFrameworksBuildPhase;
			buildActionMask = 2147483647;
			files = (
			);
			runOnlyForDeploymentPostprocessing = 0;
		};
/* End PBXFrameworksBuildPhase section */

/* Begin PBXGroup section */
		2B448C9627543FD5008A9DD9 = {
			isa = PBXGroup;
			children = (
				2B448CA127543FD5008A9DD9 /* mofi */,
				2B448CA027543FD5008A9DD9 /* Products */,
			);
			sourceTree = "<group>";
		};
		2B448CA027543FD5008A9DD9 /* Products */ = {
			isa = PBXGroup;
			children = (
				2B448C9F27543FD5008A9DD9 /* mofi.app */,
			);
			name = Products;
			sourceTree = "<group>";
		};
		2B448CA127543FD5008A9DD9 /* mofi */ = {
			isa = PBXGroup;
			children = (
				2BED959D27555C0D001BED0B /* Common */,
				2BED959227554891001BED0B /* Modules */,
				2B448CB72754408F008A9DD9 /* SupportingFiles */,
			);
			path = mofi;
			sourceTree = "<group>";
		};
		2B448CB72754408F008A9DD9 /* SupportingFiles */ = {
			isa = PBXGroup;
			children = (
				2B448CB027543FDB008A9DD9 /* Info.plist */,
				2B448CA227543FD5008A9DD9 /* AppDelegate.swift */,
				2B448CAB27543FDB008A9DD9 /* Assets.xcassets */,
				2B448CAD27543FDB008A9DD9 /* LaunchScreen.storyboard */,
			);
			path = SupportingFiles;
			sourceTree = "<group>";
		};
		2BED959227554891001BED0B /* Modules */ = {
			isa = PBXGroup;
			children = (
				2BED95932755489F001BED0B /* Search */,
			);
			path = Modules;
			sourceTree = "<group>";
		};
		2BED95932755489F001BED0B /* Search */ = {
			isa = PBXGroup;
			children = (
				2BED9597275548C8001BED0B /* Protocol */,
				2BED9599275548DB001BED0B /* Wireframe */,
				2BED9598275548D3001BED0B /* View */,
				2BED9596275548BF001BED0B /* Presenter */,
				2BED9595275548B7001BED0B /* Interactor */,
				2BED9594275548A8001BED0B /* DataManager */,
			);
			path = Search;
			sourceTree = "<group>";
		};
		2BED9594275548A8001BED0B /* DataManager */ = {
			isa = PBXGroup;
			children = (
				2BED959A27554E3C001BED0B /* SearchAPIDataManager.swift */,
			);
			path = DataManager;
			sourceTree = "<group>";
		};
		2BED9595275548B7001BED0B /* Interactor */ = {
			isa = PBXGroup;
			children = (
				2BED95B9275589F8001BED0B /* SearchInteractor.swift */,
			);
			path = Interactor;
			sourceTree = "<group>";
		};
		2BED9596275548BF001BED0B /* Presenter */ = {
			isa = PBXGroup;
			children = (
				2BED95CC2756B473001BED0B /* SearchPresenter.swift */,
			);
			path = Presenter;
			sourceTree = "<group>";
		};
		2BED9597275548C8001BED0B /* Protocol */ = {
			isa = PBXGroup;
			children = (
				2BED95D52756C9E9001BED0B /* SearchWireframeProtocol.swift */,
				2BED95D22756C7D3001BED0B /* SearchViewProtocol.swift */,
				2BED95CF2756B4A6001BED0B /* SearchPresenterProtocol.swift */,
				2BED95C727569E01001BED0B /* SearchInteractorOutputProtocol.swift */,
				2BED95C12756981C001BED0B /* SearchInteractorInputProtocol.swift */,
				2BED95AE275562E3001BED0B /* SearchAPIDataManagerProtocol.swift */,
			);
			path = Protocol;
			sourceTree = "<group>";
		};
		2BED9598275548D3001BED0B /* View */ = {
			isa = PBXGroup;
			children = (
			);
			path = View;
			sourceTree = "<group>";
		};
		2BED9599275548DB001BED0B /* Wireframe */ = {
			isa = PBXGroup;
			children = (
				2BED95D92756D87F001BED0B /* SearchWireframe.swift */,
			);
			path = Wireframe;
			sourceTree = "<group>";
		};
		2BED959D27555C0D001BED0B /* Common */ = {
			isa = PBXGroup;
			children = (
				2BED95B12755675C001BED0B /* Entities */,
				2BED95AA275561FD001BED0B /* Dispatcher */,
				2BED959E27555C19001BED0B /* DataRetriever */,
			);
			path = Common;
			sourceTree = "<group>";
		};
		2BED959E27555C19001BED0B /* DataRetriever */ = {
			isa = PBXGroup;
			children = (
				2BED959F27555C4D001BED0B /* URLDataRetriever.swift */,
			);
			path = DataRetriever;
			sourceTree = "<group>";
		};
		2BED95AA275561FD001BED0B /* Dispatcher */ = {
			isa = PBXGroup;
			children = (
				2BED95AB2755623C001BED0B /* ViewDispatcher.swift */,
			);
			path = Dispatcher;
			sourceTree = "<group>";
		};
		2BED95B12755675C001BED0B /* Entities */ = {
			isa = PBXGroup;
			children = (
				2BED95B627557E7B001BED0B /* MovieEntity.swift */,
				2BED95BE27559449001BED0B /* MovieDetailEntity.swift */,
			);
			path = Entities;
			sourceTree = "<group>";
		};
/* End PBXGroup section */

/* Begin PBXNativeTarget section */
		2B448C9E27543FD5008A9DD9 /* mofi */ = {
			isa = PBXNativeTarget;
			buildConfigurationList = 2B448CB327543FDB008A9DD9 /* Build configuration list for PBXNativeTarget "mofi" */;
			buildPhases = (
				2B448C9B27543FD5008A9DD9 /* Sources */,
				2B448C9C27543FD5008A9DD9 /* Frameworks */,
				2B448C9D27543FD5008A9DD9 /* Resources */,
			);
			buildRules = (
			);
			dependencies = (
			);
			name = mofi;
			productName = mofi;
			productReference = 2B448C9F27543FD5008A9DD9 /* mofi.app */;
			productType = "com.apple.product-type.application";
		};
/* End PBXNativeTarget section */

/* Begin PBXProject section */
		2B448C9727543FD5008A9DD9 /* Project object */ = {
			isa = PBXProject;
			attributes = {
				LastSwiftUpdateCheck = 1210;
				LastUpgradeCheck = 1210;
				TargetAttributes = {
					2B448C9E27543FD5008A9DD9 = {
						CreatedOnToolsVersion = 12.1;
					};
				};
			};
			buildConfigurationList = 2B448C9A27543FD5008A9DD9 /* Build configuration list for PBXProject "mofi" */;
			compatibilityVersion = "Xcode 9.3";
			developmentRegion = en;
			hasScannedForEncodings = 0;
			knownRegions = (
				en,
				Base,
			);
			mainGroup = 2B448C9627543FD5008A9DD9;
			productRefGroup = 2B448CA027543FD5008A9DD9 /* Products */;
			projectDirPath = "";
			projectRoot = "";
			targets = (
				2B448C9E27543FD5008A9DD9 /* mofi */,
			);
		};
/* End PBXProject section */

/* Begin PBXResourcesBuildPhase section */
		2B448C9D27543FD5008A9DD9 /* Resources */ = {
			isa = PBXResourcesBuildPhase;
			buildActionMask = 2147483647;
			files = (
				2B448CAF27543FDB008A9DD9 /* LaunchScreen.storyboard in Resources */,
				2B448CAC27543FDB008A9DD9 /* Assets.xcassets in Resources */,
			);
			runOnlyForDeploymentPostprocessing = 0;
		};
/* End PBXResourcesBuildPhase section */

/* Begin PBXSourcesBuildPhase section */
		2B448C9B27543FD5008A9DD9 /* Sources */ = {
			isa = PBXSourcesBuildPhase;
			buildActionMask = 2147483647;
			files = (
				2BED95C827569E01001BED0B /* SearchInteractorOutputProtocol.swift in Sources */,
				2BED95AF275562E3001BED0B /* SearchAPIDataManagerProtocol.swift in Sources */,
				2BED95DA2756D87F001BED0B /* SearchWireframe.swift in Sources */,
				2BED95CD2756B473001BED0B /* SearchPresenter.swift in Sources */,
				2BED95A027555C4D001BED0B /* URLDataRetriever.swift in Sources */,
				2BED95B727557E7B001BED0B /* MovieEntity.swift in Sources */,
				2BED95D02756B4A6001BED0B /* SearchPresenterProtocol.swift in Sources */,
				2BED95BA275589F8001BED0B /* SearchInteractor.swift in Sources */,
				2BED95D62756C9E9001BED0B /* SearchWireframeProtocol.swift in Sources */,
				2BED95BF27559449001BED0B /* MovieDetailEntity.swift in Sources */,
				2BED959B27554E3C001BED0B /* SearchAPIDataManager.swift in Sources */,
				2B448CA327543FD5008A9DD9 /* AppDelegate.swift in Sources */,
				2BED95C22756981C001BED0B /* SearchInteractorInputProtocol.swift in Sources */,
				2BED95D32756C7D3001BED0B /* SearchViewProtocol.swift in Sources */,
				2BED95AC2755623C001BED0B /* ViewDispatcher.swift in Sources */,
			);
			runOnlyForDeploymentPostprocessing = 0;
		};
/* End PBXSourcesBuildPhase section */

/* Begin PBXVariantGroup section */
		2B448CAD27543FDB008A9DD9 /* LaunchScreen.storyboard */ = {
			isa = PBXVariantGroup;
			children = (
				2B448CAE27543FDB008A9DD9 /* Base */,
			);
			name = LaunchScreen.storyboard;
			sourceTree = "<group>";
		};
/* End PBXVariantGroup section */

/* Begin XCBuildConfiguration section */
		2B448CB127543FDB008A9DD9 /* Debug */ = {
			isa = XCBuildConfiguration;
			buildSettings = {
				ALWAYS_SEARCH_USER_PATHS = NO;
				CLANG_ANALYZER_NONNULL = YES;
				CLANG_ANALYZER_NUMBER_OBJECT_CONVERSION = YES_AGGRESSIVE;
				CLANG_CXX_LANGUAGE_STANDARD = "gnu++14";
				CLANG_CXX_LIBRARY = "libc++";
				CLANG_ENABLE_MODULES = YES;
				CLANG_ENABLE_OBJC_ARC = YES;
				CLANG_ENABLE_OBJC_WEAK = YES;
				CLANG_WARN_BLOCK_CAPTURE_AUTORELEASING = YES;
				CLANG_WARN_BOOL_CONVERSION = YES;
				CLANG_WARN_COMMA = YES;
				CLANG_WARN_CONSTANT_CONVERSION = YES;
				CLANG_WARN_DEPRECATED_OBJC_IMPLEMENTATIONS = YES;
				CLANG_WARN_DIRECT_OBJC_ISA_USAGE = YES_ERROR;
				CLANG_WARN_DOCUMENTATION_COMMENTS = YES;
				CLANG_WARN_EMPTY_BODY = YES;
				CLANG_WARN_ENUM_CONVERSION = YES;
				CLANG_WARN_INFINITE_RECURSION = YES;
				CLANG_WARN_INT_CONVERSION = YES;
				CLANG_WARN_NON_LITERAL_NULL_CONVERSION = YES;
				CLANG_WARN_OBJC_IMPLICIT_RETAIN_SELF = YES;
				CLANG_WARN_OBJC_LITERAL_CONVERSION = YES;
				CLANG_WARN_OBJC_ROOT_CLASS = YES_ERROR;
				CLANG_WARN_QUOTED_INCLUDE_IN_FRAMEWORK_HEADER = YES;
				CLANG_WARN_RANGE_LOOP_ANALYSIS = YES;
				CLANG_WARN_STRICT_PROTOTYPES = YES;
				CLANG_WARN_SUSPICIOUS_MOVE = YES;
				CLANG_WARN_UNGUARDED_AVAILABILITY = YES_AGGRESSIVE;
				CLANG_WARN_UNREACHABLE_CODE = YES;
				CLANG_WARN__DUPLICATE_METHOD_MATCH = YES;
				COPY_PHASE_STRIP = NO;
				DEBUG_INFORMATION_FORMAT = dwarf;
				ENABLE_STRICT_OBJC_MSGSEND = YES;
				ENABLE_TESTABILITY = YES;
				GCC_C_LANGUAGE_STANDARD = gnu11;
				GCC_DYNAMIC_NO_PIC = NO;
				GCC_NO_COMMON_BLOCKS = YES;
				GCC_OPTIMIZATION_LEVEL = 0;
				GCC_PREPROCESSOR_DEFINITIONS = (
					"DEBUG=1",
					"$(inherited)",
				);
				GCC_WARN_64_TO_32_BIT_CONVERSION = YES;
				GCC_WARN_ABOUT_RETURN_TYPE = YES_ERROR;
				GCC_WARN_UNDECLARED_SELECTOR = YES;
				GCC_WARN_UNINITIALIZED_AUTOS = YES_AGGRESSIVE;
				GCC_WARN_UNUSED_FUNCTION = YES;
				GCC_WARN_UNUSED_VARIABLE = YES;
				IPHONEOS_DEPLOYMENT_TARGET = 14.1;
				MTL_ENABLE_DEBUG_INFO = INCLUDE_SOURCE;
				MTL_FAST_MATH = YES;
				ONLY_ACTIVE_ARCH = YES;
				SDKROOT = iphoneos;
				SWIFT_ACTIVE_COMPILATION_CONDITIONS = DEBUG;
				SWIFT_OPTIMIZATION_LEVEL = "-Onone";
			};
			name = Debug;
		};
		2B448CB227543FDB008A9DD9 /* Release */ = {
			isa = XCBuildConfiguration;
			buildSettings = {
				ALWAYS_SEARCH_USER_PATHS = NO;
				CLANG_ANALYZER_NONNULL = YES;
				CLANG_ANALYZER_NUMBER_OBJECT_CONVERSION = YES_AGGRESSIVE;
				CLANG_CXX_LANGUAGE_STANDARD = "gnu++14";
				CLANG_CXX_LIBRARY = "libc++";
				CLANG_ENABLE_MODULES = YES;
				CLANG_ENABLE_OBJC_ARC = YES;
				CLANG_ENABLE_OBJC_WEAK = YES;
				CLANG_WARN_BLOCK_CAPTURE_AUTORELEASING = YES;
				CLANG_WARN_BOOL_CONVERSION = YES;
				CLANG_WARN_COMMA = YES;
				CLANG_WARN_CONSTANT_CONVERSION = YES;
				CLANG_WARN_DEPRECATED_OBJC_IMPLEMENTATIONS = YES;
				CLANG_WARN_DIRECT_OBJC_ISA_USAGE = YES_ERROR;
				CLANG_WARN_DOCUMENTATION_COMMENTS = YES;
				CLANG_WARN_EMPTY_BODY = YES;
				CLANG_WARN_ENUM_CONVERSION = YES;
				CLANG_WARN_INFINITE_RECURSION = YES;
				CLANG_WARN_INT_CONVERSION = YES;
				CLANG_WARN_NON_LITERAL_NULL_CONVERSION = YES;
				CLANG_WARN_OBJC_IMPLICIT_RETAIN_SELF = YES;
				CLANG_WARN_OBJC_LITERAL_CONVERSION = YES;
				CLANG_WARN_OBJC_ROOT_CLASS = YES_ERROR;
				CLANG_WARN_QUOTED_INCLUDE_IN_FRAMEWORK_HEADER = YES;
				CLANG_WARN_RANGE_LOOP_ANALYSIS = YES;
				CLANG_WARN_STRICT_PROTOTYPES = YES;
				CLANG_WARN_SUSPICIOUS_MOVE = YES;
				CLANG_WARN_UNGUARDED_AVAILABILITY = YES_AGGRESSIVE;
				CLANG_WARN_UNREACHABLE_CODE = YES;
				CLANG_WARN__DUPLICATE_METHOD_MATCH = YES;
				COPY_PHASE_STRIP = NO;
				DEBUG_INFORMATION_FORMAT = "dwarf-with-dsym";
				ENABLE_NS_ASSERTIONS = NO;
				ENABLE_STRICT_OBJC_MSGSEND = YES;
				GCC_C_LANGUAGE_STANDARD = gnu11;
				GCC_NO_COMMON_BLOCKS = YES;
				GCC_WARN_64_TO_32_BIT_CONVERSION = YES;
				GCC_WARN_ABOUT_RETURN_TYPE = YES_ERROR;
				GCC_WARN_UNDECLARED_SELECTOR = YES;
				GCC_WARN_UNINITIALIZED_AUTOS = YES_AGGRESSIVE;
				GCC_WARN_UNUSED_FUNCTION = YES;
				GCC_WARN_UNUSED_VARIABLE = YES;
				IPHONEOS_DEPLOYMENT_TARGET = 14.1;
				MTL_ENABLE_DEBUG_INFO = NO;
				MTL_FAST_MATH = YES;
				SDKROOT = iphoneos;
				SWIFT_COMPILATION_MODE = wholemodule;
				SWIFT_OPTIMIZATION_LEVEL = "-O";
				VALIDATE_PRODUCT = YES;
			};
			name = Release;
		};
		2B448CB427543FDB008A9DD9 /* Debug */ = {
			isa = XCBuildConfiguration;
			buildSettings = {
				ASSETCATALOG_COMPILER_APPICON_NAME = AppIcon;
				ASSETCATALOG_COMPILER_GLOBAL_ACCENT_COLOR_NAME = AccentColor;
				CODE_SIGN_STYLE = Automatic;
				INFOPLIST_FILE = mofi/SupportingFiles/Info.plist;
				LD_RUNPATH_SEARCH_PATHS = (
					"$(inherited)",
					"@executable_path/Frameworks",
				);
				PRODUCT_BUNDLE_IDENTIFIER = madebydak.mofi;
				PRODUCT_NAME = "$(TARGET_NAME)";
				SWIFT_VERSION = 5.0;
				TARGETED_DEVICE_FAMILY = "1,2";
			};
			name = Debug;
		};
		2B448CB527543FDB008A9DD9 /* Release */ = {
			isa = XCBuildConfiguration;
			buildSettings = {
				ASSETCATALOG_COMPILER_APPICON_NAME = AppIcon;
				ASSETCATALOG_COMPILER_GLOBAL_ACCENT_COLOR_NAME = AccentColor;
				CODE_SIGN_STYLE = Automatic;
				INFOPLIST_FILE = mofi/SupportingFiles/Info.plist;
				LD_RUNPATH_SEARCH_PATHS = (
					"$(inherited)",
					"@executable_path/Frameworks",
				);
				PRODUCT_BUNDLE_IDENTIFIER = madebydak.mofi;
				PRODUCT_NAME = "$(TARGET_NAME)";
				SWIFT_VERSION = 5.0;
				TARGETED_DEVICE_FAMILY = "1,2";
			};
			name = Release;
		};
/* End XCBuildConfiguration section */

/* Begin XCConfigurationList section */
		2B448C9A27543FD5008A9DD9 /* Build configuration list for PBXProject "mofi" */ = {
			isa = XCConfigurationList;
			buildConfigurations = (
				2B448CB127543FDB008A9DD9 /* Debug */,
				2B448CB227543FDB008A9DD9 /* Release */,
			);
			defaultConfigurationIsVisible = 0;
			defaultConfigurationName = Release;
		};
		2B448CB327543FDB008A9DD9 /* Build configuration list for PBXNativeTarget "mofi" */ = {
			isa = XCConfigurationList;
			buildConfigurations = (
				2B448CB427543FDB008A9DD9 /* Debug */,
				2B448CB527543FDB008A9DD9 /* Release */,
			);
			defaultConfigurationIsVisible = 0;
			defaultConfigurationName = Release;
		};
/* End XCConfigurationList section */
	};
	rootObject = 2B448C9727543FD5008A9DD9 /* Project object */;
}
